
Microsoft Visual Studio Solution File, Format Version 12.00
# Visual Studio Version 17
VisualStudioVersion = 17.1.32319.34
MinimumVisualStudioVersion = 10.0.40219.1
Project("{9A19103F-16F7-4668-BE54-9A1E7A4F7556}") = "DcrDataSharp", "DcrDataSharp\DcrDataSharp.csproj", "{B615B0FA-CBC9-46DF-A663-713A004F6A0C}"
EndProject
Project("{9A19103F-16F7-4668-BE54-9A1E7A4F7556}") = "DcrDataSharp.UnitTests", "DcrDataSharp.UnitTests\DcrDataSharp.UnitTests.csproj", "{DDBEA855-0FDA-4352-BEE7-A3D40D039FFB}"
EndProject
Project("{FAE04EC0-301F-11D3-BF4B-00C04F79EFBC}") = "DemoApp", "DemoApp\DemoApp.csproj", "{5976F4FD-CE94-42F1-ACF8-80CA51DD015A}"
EndProject
Global
	GlobalSection(SolutionConfigurationPlatforms) = preSolution
		Debug|Any CPU = Debug|Any CPU
		Release|Any CPU = Release|Any CPU
	EndGlobalSection
	GlobalSection(ProjectConfigurationPlatforms) = postSolution
		{B615B0FA-CBC9-46DF-A663-713A004F6A0C}.Debug|Any CPU.ActiveCfg = Debug|Any CPU
		{B615B0FA-CBC9-46DF-A663-713A004F6A0C}.Debug|Any CPU.Build.0 = Debug|Any CPU
		{B615B0FA-CBC9-46DF-A663-713A004F6A0C}.Release|Any CPU.ActiveCfg = Release|Any CPU
		{B615B0FA-CBC9-46DF-A663-713A004F6A0C}.Release|Any CPU.Build.0 = Release|Any CPU
		{DDBEA855-0FDA-4352-BEE7-A3D40D039FFB}.Debug|Any CPU.ActiveCfg = Debug|Any CPU
		{DDBEA855-0FDA-4352-BEE7-A3D40D039FFB}.Debug|Any CPU.Build.0 = Debug|Any CPU
		{DDBEA855-0FDA-4352-BEE7-A3D40D039FFB}.Release|Any CPU.ActiveCfg = Release|Any CPU
		{DDBEA855-0FDA-4352-BEE7-A3D40D039FFB}.Release|Any CPU.Build.0 = Release|Any CPU
		{5976F4FD-CE94-42F1-ACF8-80CA51DD015A}.Debug|Any CPU.ActiveCfg = Debug|Any CPU
		{5976F4FD-CE94-42F1-ACF8-80CA51DD015A}.Debug|Any CPU.Build.0 = Debug|Any CPU
		{5976F4FD-CE94-42F1-ACF8-80CA51DD015A}.Release|Any CPU.ActiveCfg = Release|Any CPU
		{5976F4FD-CE94-42F1-ACF8-80CA51DD015A}.Release|Any CPU.Build.0 = Release|Any CPU
	EndGlobalSection
	GlobalSection(SolutionProperties) = preSolution
		HideSolutionNode = FALSE
	EndGlobalSection
	GlobalSection(ExtensibilityGlobals) = postSolution
		SolutionGuid = {27F11E16-E76B-4DC1-ACA2-8B22586F85BD}
	EndGlobalSection
EndGlobal
